
Microsoft Visual Studio Solution File, Format Version 12.00
# Visual Studio 15
VisualStudioVersion = 15.0.27004.2006
MinimumVisualStudioVersion = 10.0.40219.1
Project("{FAE04EC0-301F-11D3-BF4B-00C04F79EFBC}") = "Hackerrank", "Hackerrank\Hackerrank.csproj", "{606B6EEB-4A58-4420-A175-5B53CABAFF49}"
EndProject
Project("{FAE04EC0-301F-11D3-BF4B-00C04F79EFBC}") = "3_CompareTriplets", "3_CompareTriplets\3_CompareTriplets.csproj", "{277F63A1-6688-479B-8230-24301FDDC131}"
EndProject
Project("{FAE04EC0-301F-11D3-BF4B-00C04F79EFBC}") = "Test1", "Test1\Test1.csproj", "{54D33183-5D21-492D-8116-A9E4617D68E2}"
EndProject
Project("{FAE04EC0-301F-11D3-BF4B-00C04F79EFBC}") = "1_Solve Me First", "Solve Me First\1_Solve Me First.csproj", "{11F8AB48-F0CC-4D75-8873-1AD7DEDD7184}"
EndProject
Project("{FAE04EC0-301F-11D3-BF4B-00C04F79EFBC}") = "2_Simple Array Sum", "Simple Array Sum\2_Simple Array Sum.csproj", "{126DCDA5-49EF-44F5-9C9A-B9B42560A50B}"
EndProject
Project("{FAE04EC0-301F-11D3-BF4B-00C04F79EFBC}") = "4_Diagonal Difference", "Diagonal Difference\4_Diagonal Difference.csproj", "{3A56278D-50BA-4B53-9A33-F4EAABE7CA55}"
EndProject
Project("{FAE04EC0-301F-11D3-BF4B-00C04F79EFBC}") = "5_Plus Minus", "Plus Minus\5_Plus Minus.csproj", "{65B74993-D247-4E29-AE24-2352C7D927A0}"
EndProject
Project("{FAE04EC0-301F-11D3-BF4B-00C04F79EFBC}") = "6_Staircase", "6_Staircase\6_Staircase.csproj", "{04FF4045-47C6-4769-9AD9-683247934A45}"
EndProject
Project("{FAE04EC0-301F-11D3-BF4B-00C04F79EFBC}") = "7_MiniMaxSum", "7_MiniMaxSum\7_MiniMaxSum.csproj", "{AB16EA6D-DA62-4F17-BAF9-9AF84A014EB3}"
EndProject
Project("{FAE04EC0-301F-11D3-BF4B-00C04F79EFBC}") = "8_BirthdayCakeCandles", "8_BirthdayCakeCandles\8_BirthdayCakeCandles.csproj", "{2FD38A1A-5EDC-4775-BA5A-8F39760DB7BB}"
EndProject
Global
	GlobalSection(SolutionConfigurationPlatforms) = preSolution
		Debug|Any CPU = Debug|Any CPU
		Release|Any CPU = Release|Any CPU
	EndGlobalSection
	GlobalSection(ProjectConfigurationPlatforms) = postSolution
		{606B6EEB-4A58-4420-A175-5B53CABAFF49}.Debug|Any CPU.ActiveCfg = Debug|Any CPU
		{606B6EEB-4A58-4420-A175-5B53CABAFF49}.Debug|Any CPU.Build.0 = Debug|Any CPU
		{606B6EEB-4A58-4420-A175-5B53CABAFF49}.Release|Any CPU.ActiveCfg = Release|Any CPU
		{606B6EEB-4A58-4420-A175-5B53CABAFF49}.Release|Any CPU.Build.0 = Release|Any CPU
		{277F63A1-6688-479B-8230-24301FDDC131}.Debug|Any CPU.ActiveCfg = Debug|Any CPU
		{277F63A1-6688-479B-8230-24301FDDC131}.Debug|Any CPU.Build.0 = Debug|Any CPU
		{277F63A1-6688-479B-8230-24301FDDC131}.Release|Any CPU.ActiveCfg = Release|Any CPU
		{277F63A1-6688-479B-8230-24301FDDC131}.Release|Any CPU.Build.0 = Release|Any CPU
		{54D33183-5D21-492D-8116-A9E4617D68E2}.Debug|Any CPU.ActiveCfg = Debug|Any CPU
		{54D33183-5D21-492D-8116-A9E4617D68E2}.Debug|Any CPU.Build.0 = Debug|Any CPU
		{54D33183-5D21-492D-8116-A9E4617D68E2}.Release|Any CPU.ActiveCfg = Release|Any CPU
		{54D33183-5D21-492D-8116-A9E4617D68E2}.Release|Any CPU.Build.0 = Release|Any CPU
		{11F8AB48-F0CC-4D75-8873-1AD7DEDD7184}.Debug|Any CPU.ActiveCfg = Debug|Any CPU
		{11F8AB48-F0CC-4D75-8873-1AD7DEDD7184}.Debug|Any CPU.Build.0 = Debug|Any CPU
		{11F8AB48-F0CC-4D75-8873-1AD7DEDD7184}.Release|Any CPU.ActiveCfg = Release|Any CPU
		{11F8AB48-F0CC-4D75-8873-1AD7DEDD7184}.Release|Any CPU.Build.0 = Release|Any CPU
		{126DCDA5-49EF-44F5-9C9A-B9B42560A50B}.Debug|Any CPU.ActiveCfg = Debug|Any CPU
		{126DCDA5-49EF-44F5-9C9A-B9B42560A50B}.Debug|Any CPU.Build.0 = Debug|Any CPU
		{126DCDA5-49EF-44F5-9C9A-B9B42560A50B}.Release|Any CPU.ActiveCfg = Release|Any CPU
		{126DCDA5-49EF-44F5-9C9A-B9B42560A50B}.Release|Any CPU.Build.0 = Release|Any CPU
		{3A56278D-50BA-4B53-9A33-F4EAABE7CA55}.Debug|Any CPU.ActiveCfg = Debug|Any CPU
		{3A56278D-50BA-4B53-9A33-F4EAABE7CA55}.Debug|Any CPU.Build.0 = Debug|Any CPU
		{3A56278D-50BA-4B53-9A33-F4EAABE7CA55}.Release|Any CPU.ActiveCfg = Release|Any CPU
		{3A56278D-50BA-4B53-9A33-F4EAABE7CA55}.Release|Any CPU.Build.0 = Release|Any CPU
		{65B74993-D247-4E29-AE24-2352C7D927A0}.Debug|Any CPU.ActiveCfg = Debug|Any CPU
		{65B74993-D247-4E29-AE24-2352C7D927A0}.Debug|Any CPU.Build.0 = Debug|Any CPU
		{65B74993-D247-4E29-AE24-2352C7D927A0}.Release|Any CPU.ActiveCfg = Release|Any CPU
		{65B74993-D247-4E29-AE24-2352C7D927A0}.Release|Any CPU.Build.0 = Release|Any CPU
		{04FF4045-47C6-4769-9AD9-683247934A45}.Debug|Any CPU.ActiveCfg = Debug|Any CPU
		{04FF4045-47C6-4769-9AD9-683247934A45}.Debug|Any CPU.Build.0 = Debug|Any CPU
		{04FF4045-47C6-4769-9AD9-683247934A45}.Release|Any CPU.ActiveCfg = Release|Any CPU
		{04FF4045-47C6-4769-9AD9-683247934A45}.Release|Any CPU.Build.0 = Release|Any CPU
		{AB16EA6D-DA62-4F17-BAF9-9AF84A014EB3}.Debug|Any CPU.ActiveCfg = Debug|Any CPU
		{AB16EA6D-DA62-4F17-BAF9-9AF84A014EB3}.Debug|Any CPU.Build.0 = Debug|Any CPU
		{AB16EA6D-DA62-4F17-BAF9-9AF84A014EB3}.Release|Any CPU.ActiveCfg = Release|Any CPU
		{AB16EA6D-DA62-4F17-BAF9-9AF84A014EB3}.Release|Any CPU.Build.0 = Release|Any CPU
		{2FD38A1A-5EDC-4775-BA5A-8F39760DB7BB}.Debug|Any CPU.ActiveCfg = Debug|Any CPU
		{2FD38A1A-5EDC-4775-BA5A-8F39760DB7BB}.Debug|Any CPU.Build.0 = Debug|Any CPU
		{2FD38A1A-5EDC-4775-BA5A-8F39760DB7BB}.Release|Any CPU.ActiveCfg = Release|Any CPU
		{2FD38A1A-5EDC-4775-BA5A-8F39760DB7BB}.Release|Any CPU.Build.0 = Release|Any CPU
	EndGlobalSection
	GlobalSection(SolutionProperties) = preSolution
		HideSolutionNode = FALSE
	EndGlobalSection
	GlobalSection(ExtensibilityGlobals) = postSolution
		SolutionGuid = {26D473C8-B8E1-4CEE-BE8E-08B8806381FC}
	EndGlobalSection
EndGlobal
