
Microsoft Visual Studio Solution File, Format Version 12.00
# Visual Studio 15
VisualStudioVersion = 15.0.27428.2043
MinimumVisualStudioVersion = 10.0.40219.1
Project("{FAE04EC0-301F-11D3-BF4B-00C04F79EFBC}") = "Hackerrank", "Hackerrank\Hackerrank.csproj", "{606B6EEB-4A58-4420-A175-5B53CABAFF49}"
EndProject
Project("{FAE04EC0-301F-11D3-BF4B-00C04F79EFBC}") = "3_CompareTriplets", "3_CompareTriplets\3_CompareTriplets.csproj", "{277F63A1-6688-479B-8230-24301FDDC131}"
EndProject
Global
	GlobalSection(SolutionConfigurationPlatforms) = preSolution
		Debug|Any CPU = Debug|Any CPU
		Release|Any CPU = Release|Any CPU
	EndGlobalSection
	GlobalSection(ProjectConfigurationPlatforms) = postSolution
		{606B6EEB-4A58-4420-A175-5B53CABAFF49}.Debug|Any CPU.ActiveCfg = Debug|Any CPU
		{606B6EEB-4A58-4420-A175-5B53CABAFF49}.Debug|Any CPU.Build.0 = Debug|Any CPU
		{606B6EEB-4A58-4420-A175-5B53CABAFF49}.Release|Any CPU.ActiveCfg = Release|Any CPU
		{606B6EEB-4A58-4420-A175-5B53CABAFF49}.Release|Any CPU.Build.0 = Release|Any CPU
		{277F63A1-6688-479B-8230-24301FDDC131}.Debug|Any CPU.ActiveCfg = Debug|Any CPU
		{277F63A1-6688-479B-8230-24301FDDC131}.Debug|Any CPU.Build.0 = Debug|Any CPU
		{277F63A1-6688-479B-8230-24301FDDC131}.Release|Any CPU.ActiveCfg = Release|Any CPU
		{277F63A1-6688-479B-8230-24301FDDC131}.Release|Any CPU.Build.0 = Release|Any CPU
	EndGlobalSection
	GlobalSection(SolutionProperties) = preSolution
		HideSolutionNode = FALSE
	EndGlobalSection
	GlobalSection(ExtensibilityGlobals) = postSolution
		SolutionGuid = {26D473C8-B8E1-4CEE-BE8E-08B8806381FC}
	EndGlobalSection
EndGlobal
